
Microsoft Visual Studio Solution File, Format Version 12.00
# Visual Studio Version 17
VisualStudioVersion = 17.5.33530.505
MinimumVisualStudioVersion = 10.0.40219.1
Project("{FAE04EC0-301F-11D3-BF4B-00C04F79EFBC}") = "RxMed", "RxMed\RxMed.csproj", "{65B20174-A036-4D69-B6AB-180DCA428D05}"
EndProject
Global
	GlobalSection(SolutionConfigurationPlatforms) = preSolution
		Debug|Any CPU = Debug|Any CPU
		Release|Any CPU = Release|Any CPU
	EndGlobalSection
	GlobalSection(ProjectConfigurationPlatforms) = postSolution
		{65B20174-A036-4D69-B6AB-180DCA428D05}.Debug|Any CPU.ActiveCfg = Debug|Any CPU
		{65B20174-A036-4D69-B6AB-180DCA428D05}.Debug|Any CPU.Build.0 = Debug|Any CPU
		{65B20174-A036-4D69-B6AB-180DCA428D05}.Release|Any CPU.ActiveCfg = Release|Any CPU
		{65B20174-A036-4D69-B6AB-180DCA428D05}.Release|Any CPU.Build.0 = Release|Any CPU
	EndGlobalSection
	GlobalSection(SolutionProperties) = preSolution
		HideSolutionNode = FALSE
	EndGlobalSection
	GlobalSection(ExtensibilityGlobals) = postSolution
		SolutionGuid = {8A66D7EB-2DBC-49E2-A05F-6D23B38853B4}
	EndGlobalSection
EndGlobal
